{
  "nodes": {
    "flake-utils": {
      "inputs": {
        "systems": "systems"
      },
      "locked": {
        "lastModified": 1731533236,
        "narHash": "sha256-l0KFg5HjrsfsO/JpG+r7fRrqm12kzFHyUHqHCVpMMbI=",
        "owner": "numtide",
        "repo": "flake-utils",
        "rev": "11707dc2f618dd54ca8739b309ec4fc024de578b",
        "type": "github"
      },
      "original": {
        "owner": "numtide",
        "repo": "flake-utils",
        "type": "github"
      }
    },
    "ipfixcol2-src": {
      "flake": false,
      "locked": {
        "lastModified": 1765811645,
        "narHash": "sha256-njctIxkyDB/AP4KV7hpJPof8uGLFpElk6Eql2JBhhHg=",
        "ref": "replace-ODID",
        "rev": "678b5fb83b32f4d2b6656b02f7a341fa639c001c",
        "revCount": 727,
        "type": "git",
        "url": "ssh://git@gitlab.liberouter.org/monitoring/ipfixcol2.git"
      },
      "original": {
        "ref": "replace-ODID",
        "type": "git",
        "url": "ssh://git@gitlab.liberouter.org/monitoring/ipfixcol2.git"
      }
    },
    "nixpkgs": {
      "locked": {
        "lastModified": 1765687488,
        "narHash": "sha256-7YAJ6xgBAQ/Nr+7MI13Tui1ULflgAdKh63m1tfYV7+M=",
        "owner": "NixOS",
        "repo": "nixpkgs",
        "rev": "d02bcc33948ca19b0aaa0213fe987ceec1f4ebe1",
        "type": "github"
      },
      "original": {
        "owner": "NixOS",
        "ref": "nixos-25.05",
        "repo": "nixpkgs",
        "type": "github"
      }
    },
    "root": {
      "inputs": {
        "flake-utils": "flake-utils",
        "ipfixcol2-src": "ipfixcol2-src",
        "nixpkgs": "nixpkgs"
      }
    },
    "systems": {
      "locked": {
        "lastModified": 1681028828,
        "narHash": "sha256-Vy1rq5AaRuLzOxct8nz4T6wlgyUR7zLU309k9mBC768=",
        "owner": "nix-systems",
        "repo": "default",
        "rev": "da67096a3b9bf56a91d16901293e51ba5b49a27e",
        "type": "github"
      },
      "original": {
        "owner": "nix-systems",
        "repo": "default",
        "type": "github"
      }
    }
  },
  "root": "root",
  "version": 7
}
